
Microsoft Visual Studio Solution File, Format Version 12.00
# Visual Studio 15
VisualStudioVersion = 15.0.27428.2015
MinimumVisualStudioVersion = 10.0.40219.1
Project("{FAE04EC0-301F-11D3-BF4B-00C04F79EFBC}") = "Test", "Test\Test.csproj", "{2368A1D1-E3FF-4EBD-AE41-6322E0B53DEB}"
EndProject
Project("{2150E333-8FDC-42A3-9474-1A3956D46DE8}") = "Solution Items", "Solution Items", "{BE1F2A49-A160-4E62-AA37-C17BE7F4DDE3}"
	ProjectSection(SolutionItems) = preProject
		Local.testsettings = Local.testsettings
	EndProjectSection
EndProject
Global
	GlobalSection(SolutionConfigurationPlatforms) = preSolution
		Debug|Any CPU = Debug|Any CPU
		Release|Any CPU = Release|Any CPU
	EndGlobalSection
	GlobalSection(ProjectConfigurationPlatforms) = postSolution
		{2368A1D1-E3FF-4EBD-AE41-6322E0B53DEB}.Debug|Any CPU.ActiveCfg = Debug|Any CPU
		{2368A1D1-E3FF-4EBD-AE41-6322E0B53DEB}.Debug|Any CPU.Build.0 = Debug|Any CPU
		{2368A1D1-E3FF-4EBD-AE41-6322E0B53DEB}.Release|Any CPU.ActiveCfg = Release|Any CPU
		{2368A1D1-E3FF-4EBD-AE41-6322E0B53DEB}.Release|Any CPU.Build.0 = Release|Any CPU
	EndGlobalSection
	GlobalSection(SolutionProperties) = preSolution
		HideSolutionNode = FALSE
	EndGlobalSection
	GlobalSection(ExtensibilityGlobals) = postSolution
		SolutionGuid = {3895C30E-D1C3-4C98-B53C-D2D52AAC21B9}
	EndGlobalSection
EndGlobal
